
Microsoft Visual Studio Solution File, Format Version 12.00
# Visual Studio Version 17
VisualStudioVersion = 17.5.33318.248
MinimumVisualStudioVersion = 10.0.40219.1
Project("{FAE04EC0-301F-11D3-BF4B-00C04F79EFBC}") = "MongoIssue", "MongoIssue\MongoIssue.csproj", "{4435DC21-832F-44D2-A105-F80F5E9A84F8}"
EndProject
Global
	GlobalSection(SolutionConfigurationPlatforms) = preSolution
		Debug|Any CPU = Debug|Any CPU
		Release|Any CPU = Release|Any CPU
	EndGlobalSection
	GlobalSection(ProjectConfigurationPlatforms) = postSolution
		{4435DC21-832F-44D2-A105-F80F5E9A84F8}.Debug|Any CPU.ActiveCfg = Debug|Any CPU
		{4435DC21-832F-44D2-A105-F80F5E9A84F8}.Debug|Any CPU.Build.0 = Debug|Any CPU
		{4435DC21-832F-44D2-A105-F80F5E9A84F8}.Release|Any CPU.ActiveCfg = Release|Any CPU
		{4435DC21-832F-44D2-A105-F80F5E9A84F8}.Release|Any CPU.Build.0 = Release|Any CPU
	EndGlobalSection
	GlobalSection(SolutionProperties) = preSolution
		HideSolutionNode = FALSE
	EndGlobalSection
	GlobalSection(ExtensibilityGlobals) = postSolution
		SolutionGuid = {2808EE78-026B-455D-B2C8-03D170E0858A}
	EndGlobalSection
EndGlobal
